
Microsoft Visual Studio Solution File, Format Version 12.00
# Visual Studio Version 17
VisualStudioVersion = 17.9.34607.119
MinimumVisualStudioVersion = 10.0.40219.1
Project("{FAE04EC0-301F-11D3-BF4B-00C04F79EFBC}") = "dotnet-tests-api", "dotnet-tests\dotnet-tests-api.csproj", "{F4A0B698-4143-402F-8A4B-6A4E259FCF4A}"
EndProject
Project("{FAE04EC0-301F-11D3-BF4B-00C04F79EFBC}") = "dotnet-tests-database", "dotnet-tests-database\dotnet-tests-database.csproj", "{887C29DD-EE3F-4124-92EC-64200E10A434}"
EndProject
Project("{E53339B2-1760-4266-BCC7-CA923CBCF16C}") = "docker-compose", "docker-compose.dcproj", "{A8CC1557-8B67-4C2B-976F-C954C2A0C758}"
EndProject
Global
	GlobalSection(SolutionConfigurationPlatforms) = preSolution
		Debug|Any CPU = Debug|Any CPU
		Release|Any CPU = Release|Any CPU
	EndGlobalSection
	GlobalSection(ProjectConfigurationPlatforms) = postSolution
		{F4A0B698-4143-402F-8A4B-6A4E259FCF4A}.Debug|Any CPU.ActiveCfg = Debug|Any CPU
		{F4A0B698-4143-402F-8A4B-6A4E259FCF4A}.Debug|Any CPU.Build.0 = Debug|Any CPU
		{F4A0B698-4143-402F-8A4B-6A4E259FCF4A}.Release|Any CPU.ActiveCfg = Release|Any CPU
		{F4A0B698-4143-402F-8A4B-6A4E259FCF4A}.Release|Any CPU.Build.0 = Release|Any CPU
		{887C29DD-EE3F-4124-92EC-64200E10A434}.Debug|Any CPU.ActiveCfg = Debug|Any CPU
		{887C29DD-EE3F-4124-92EC-64200E10A434}.Debug|Any CPU.Build.0 = Debug|Any CPU
		{887C29DD-EE3F-4124-92EC-64200E10A434}.Release|Any CPU.ActiveCfg = Release|Any CPU
		{887C29DD-EE3F-4124-92EC-64200E10A434}.Release|Any CPU.Build.0 = Release|Any CPU
		{A8CC1557-8B67-4C2B-976F-C954C2A0C758}.Debug|Any CPU.ActiveCfg = Debug|Any CPU
		{A8CC1557-8B67-4C2B-976F-C954C2A0C758}.Debug|Any CPU.Build.0 = Debug|Any CPU
		{A8CC1557-8B67-4C2B-976F-C954C2A0C758}.Release|Any CPU.ActiveCfg = Release|Any CPU
		{A8CC1557-8B67-4C2B-976F-C954C2A0C758}.Release|Any CPU.Build.0 = Release|Any CPU
	EndGlobalSection
	GlobalSection(SolutionProperties) = preSolution
		HideSolutionNode = FALSE
	EndGlobalSection
	GlobalSection(ExtensibilityGlobals) = postSolution
		SolutionGuid = {D15AEB61-6A34-46F7-BBF6-1BB5AF95AD8F}
	EndGlobalSection
EndGlobal
